
Microsoft Visual Studio Solution File, Format Version 12.00
# Visual Studio 14
VisualStudioVersion = 14.0.25420.1
MinimumVisualStudioVersion = 10.0.40219.1
Project("{8BC9CEB8-8B4A-11D0-8D11-00A0C91BC942}") = "7.4形态学处理-顶帽_底帽_形态学梯度", "7.4形态学处理-顶帽_底帽_形态学梯度\7.4形态学处理-顶帽_底帽_形态学梯度.vcxproj", "{1541EF2C-37A5-4BCC-9681-3FE225F78A25}"
EndProject
Global
	GlobalSection(SolutionConfigurationPlatforms) = preSolution
		Debug|x64 = Debug|x64
		Debug|x86 = Debug|x86
		Release|x64 = Release|x64
		Release|x86 = Release|x86
	EndGlobalSection
	GlobalSection(ProjectConfigurationPlatforms) = postSolution
		{1541EF2C-37A5-4BCC-9681-3FE225F78A25}.Debug|x64.ActiveCfg = Debug|x64
		{1541EF2C-37A5-4BCC-9681-3FE225F78A25}.Debug|x64.Build.0 = Debug|x64
		{1541EF2C-37A5-4BCC-9681-3FE225F78A25}.Debug|x86.ActiveCfg = Debug|Win32
		{1541EF2C-37A5-4BCC-9681-3FE225F78A25}.Debug|x86.Build.0 = Debug|Win32
		{1541EF2C-37A5-4BCC-9681-3FE225F78A25}.Release|x64.ActiveCfg = Release|x64
		{1541EF2C-37A5-4BCC-9681-3FE225F78A25}.Release|x64.Build.0 = Release|x64
		{1541EF2C-37A5-4BCC-9681-3FE225F78A25}.Release|x86.ActiveCfg = Release|Win32
		{1541EF2C-37A5-4BCC-9681-3FE225F78A25}.Release|x86.Build.0 = Release|Win32
	EndGlobalSection
	GlobalSection(SolutionProperties) = preSolution
		HideSolutionNode = FALSE
	EndGlobalSection
EndGlobal
